{
  "pins" : [
    {
      "identity" : "swiftalgosdatastructures",
      "kind" : "remoteSourceControl",
      "location" : "git@github.com:umairsd/SwiftAlgosDataStructures.git",
      "state" : {
        "branch" : "main",
        "revision" : "8d8cf2296632be972d44c16dca72c5a7ebf0f919"
      }
    }
  ],
  "version" : 2
}
